
Microsoft Visual Studio Solution File, Format Version 12.00
# Visual Studio 15
VisualStudioVersion = 15.0.27703.2035
MinimumVisualStudioVersion = 10.0.40219.1
Project("{FAE04EC0-301F-11D3-BF4B-00C04F79EFBC}") = "core.test001", "core.test001\core.test001.csproj", "{73AE390A-7370-4FDC-BA14-0148888ADC33}"
EndProject
Global
	GlobalSection(SolutionConfigurationPlatforms) = preSolution
		Debug|Any CPU = Debug|Any CPU
		Release|Any CPU = Release|Any CPU
	EndGlobalSection
	GlobalSection(ProjectConfigurationPlatforms) = postSolution
		{73AE390A-7370-4FDC-BA14-0148888ADC33}.Debug|Any CPU.ActiveCfg = Debug|Any CPU
		{73AE390A-7370-4FDC-BA14-0148888ADC33}.Debug|Any CPU.Build.0 = Debug|Any CPU
		{73AE390A-7370-4FDC-BA14-0148888ADC33}.Release|Any CPU.ActiveCfg = Release|Any CPU
		{73AE390A-7370-4FDC-BA14-0148888ADC33}.Release|Any CPU.Build.0 = Release|Any CPU
	EndGlobalSection
	GlobalSection(SolutionProperties) = preSolution
		HideSolutionNode = FALSE
	EndGlobalSection
	GlobalSection(ExtensibilityGlobals) = postSolution
		SolutionGuid = {D2F0E427-1CB6-4FDE-A9E4-1AA1307F8F9B}
	EndGlobalSection
EndGlobal
